// !$*UTF8*$!
{
	archiveVersion = 1;
	classes = {
	};
	objectVersion = 56;
	objects = {

/* Begin PBXBuildFile section */
		F801DDAA2C508F6100395330 /* astronauts.json in Resources */ = {isa = PBXBuildFile; fileRef = F801DDA82C508F6100395330 /* astronauts.json */; };
		F801DDAB2C508F6100395330 /* missions.json in Resources */ = {isa = PBXBuildFile; fileRef = F801DDA92C508F6100395330 /* missions.json */; };
		F801DDB12C50903900395330 /* Astronaut.swift in Sources */ = {isa = PBXBuildFile; fileRef = F801DDB02C50903900395330 /* Astronaut.swift */; };
		F801DDB42C5090C100395330 /* Bundle+Decodable.swift in Sources */ = {isa = PBXBuildFile; fileRef = F801DDB32C5090C100395330 /* Bundle+Decodable.swift */; };
		F801DDB62C5092F900395330 /* Mission.swift in Sources */ = {isa = PBXBuildFile; fileRef = F801DDB52C5092F900395330 /* Mission.swift */; };
		F801DDB82C509A5E00395330 /* Color+Theme.swift in Sources */ = {isa = PBXBuildFile; fileRef = F801DDB72C509A5E00395330 /* Color+Theme.swift */; };
		F801DDBA2C509EB300395330 /* MissionView.swift in Sources */ = {isa = PBXBuildFile; fileRef = F801DDB92C509EB300395330 /* MissionView.swift */; };
		F801DDBC2C50A96800395330 /* AstronautView.swift in Sources */ = {isa = PBXBuildFile; fileRef = F801DDBB2C50A96800395330 /* AstronautView.swift */; };
		F85F65382C51BCD900F64833 /* EliezerView.swift in Sources */ = {isa = PBXBuildFile; fileRef = F85F65372C51BCD900F64833 /* EliezerView.swift */; };
		F85F653A2C51C15B00F64833 /* CrewView.swift in Sources */ = {isa = PBXBuildFile; fileRef = F85F65392C51C15B00F64833 /* CrewView.swift */; };
		F85F653C2C51C1B000F64833 /* CreMember.swift in Sources */ = {isa = PBXBuildFile; fileRef = F85F653B2C51C1B000F64833 /* CreMember.swift */; };
		F87C347F2C4E70A500676453 /* MoonshotApp.swift in Sources */ = {isa = PBXBuildFile; fileRef = F87C347E2C4E70A500676453 /* MoonshotApp.swift */; };
		F87C34812C4E70A500676453 /* ContentView.swift in Sources */ = {isa = PBXBuildFile; fileRef = F87C34802C4E70A500676453 /* ContentView.swift */; };
		F87C34832C4E70A700676453 /* Assets.xcassets in Resources */ = {isa = PBXBuildFile; fileRef = F87C34822C4E70A700676453 /* Assets.xcassets */; };
		F87C34862C4E70A700676453 /* Preview Assets.xcassets in Resources */ = {isa = PBXBuildFile; fileRef = F87C34852C4E70A700676453 /* Preview Assets.xcassets */; };
/* End PBXBuildFile section */

/* Begin PBXFileReference section */
		F801DDA82C508F6100395330 /* astronauts.json */ = {isa = PBXFileReference; fileEncoding = 4; lastKnownFileType = text.json; path = astronauts.json; sourceTree = "<group>"; };
		F801DDA92C508F6100395330 /* missions.json */ = {isa = PBXFileReference; fileEncoding = 4; lastKnownFileType = text.json; path = missions.json; sourceTree = "<group>"; };
		F801DDB02C50903900395330 /* Astronaut.swift */ = {isa = PBXFileReference; lastKnownFileType = sourcecode.swift; path = Astronaut.swift; sourceTree = "<group>"; };
		F801DDB32C5090C100395330 /* Bundle+Decodable.swift */ = {isa = PBXFileReference; lastKnownFileType = sourcecode.swift; path = "Bundle+Decodable.swift"; sourceTree = "<group>"; };
		F801DDB52C5092F900395330 /* Mission.swift */ = {isa = PBXFileReference; lastKnownFileType = sourcecode.swift; path = Mission.swift; sourceTree = "<group>"; };
		F801DDB72C509A5E00395330 /* Color+Theme.swift */ = {isa = PBXFileReference; lastKnownFileType = sourcecode.swift; path = "Color+Theme.swift"; sourceTree = "<group>"; };
		F801DDB92C509EB300395330 /* MissionView.swift */ = {isa = PBXFileReference; lastKnownFileType = sourcecode.swift; path = MissionView.swift; sourceTree = "<group>"; };
		F801DDBB2C50A96800395330 /* AstronautView.swift */ = {isa = PBXFileReference; lastKnownFileType = sourcecode.swift; path = AstronautView.swift; sourceTree = "<group>"; };
		F85F65372C51BCD900F64833 /* EliezerView.swift */ = {isa = PBXFileReference; lastKnownFileType = sourcecode.swift; path = EliezerView.swift; sourceTree = "<group>"; };
		F85F65392C51C15B00F64833 /* CrewView.swift */ = {isa = PBXFileReference; lastKnownFileType = sourcecode.swift; path = CrewView.swift; sourceTree = "<group>"; };
		F85F653B2C51C1B000F64833 /* CreMember.swift */ = {isa = PBXFileReference; lastKnownFileType = sourcecode.swift; path = CreMember.swift; sourceTree = "<group>"; };
		F87C347B2C4E70A500676453 /* Moonshot.app */ = {isa = PBXFileReference; explicitFileType = wrapper.application; includeInIndex = 0; path = Moonshot.app; sourceTree = BUILT_PRODUCTS_DIR; };
		F87C347E2C4E70A500676453 /* MoonshotApp.swift */ = {isa = PBXFileReference; lastKnownFileType = sourcecode.swift; path = MoonshotApp.swift; sourceTree = "<group>"; };
		F87C34802C4E70A500676453 /* ContentView.swift */ = {isa = PBXFileReference; lastKnownFileType = sourcecode.swift; path = ContentView.swift; sourceTree = "<group>"; };
		F87C34822C4E70A700676453 /* Assets.xcassets */ = {isa = PBXFileReference; lastKnownFileType = folder.assetcatalog; path = Assets.xcassets; sourceTree = "<group>"; };
		F87C34852C4E70A700676453 /* Preview Assets.xcassets */ = {isa = PBXFileReference; lastKnownFileType = folder.assetcatalog; path = "Preview Assets.xcassets"; sourceTree = "<group>"; };
/* End PBXFileReference section */

/* Begin PBXFrameworksBuildPhase section */
		F87C34782C4E70A500676453 /* Frameworks */ = {
			isa = PBXFrameworksBuildPhase;
			buildActionMask = 2147483647;
			files = (
			);
			runOnlyForDeploymentPostprocessing = 0;
		};
/* End PBXFrameworksBuildPhase section */

/* Begin PBXGroup section */
		F801DDAC2C508FF500395330 /* ViewModels */ = {
			isa = PBXGroup;
			children = (
			);
			path = ViewModels;
			sourceTree = "<group>";
		};
		F801DDAD2C508FFA00395330 /* Views */ = {
			isa = PBXGroup;
			children = (
				F87C34802C4E70A500676453 /* ContentView.swift */,
				F85F65372C51BCD900F64833 /* EliezerView.swift */,
				F801DDB92C509EB300395330 /* MissionView.swift */,
				F85F65392C51C15B00F64833 /* CrewView.swift */,
				F801DDBB2C50A96800395330 /* AstronautView.swift */,
			);
			path = Views;
			sourceTree = "<group>";
		};
		F801DDAE2C508FFC00395330 /* Models */ = {
			isa = PBXGroup;
			children = (
				F801DDB02C50903900395330 /* Astronaut.swift */,
				F801DDB52C5092F900395330 /* Mission.swift */,
				F85F653B2C51C1B000F64833 /* CreMember.swift */,
			);
			path = Models;
			sourceTree = "<group>";
		};
		F801DDAF2C50901800395330 /* Data */ = {
			isa = PBXGroup;
			children = (
				F801DDA82C508F6100395330 /* astronauts.json */,
				F801DDA92C508F6100395330 /* missions.json */,
			);
			path = Data;
			sourceTree = "<group>";
		};
		F801DDB22C5090B100395330 /* Extensions */ = {
			isa = PBXGroup;
			children = (
				F801DDB32C5090C100395330 /* Bundle+Decodable.swift */,
				F801DDB72C509A5E00395330 /* Color+Theme.swift */,
			);
			path = Extensions;
			sourceTree = "<group>";
		};
		F87C34722C4E70A500676453 = {
			isa = PBXGroup;
			children = (
				F87C347D2C4E70A500676453 /* Moonshot */,
				F87C347C2C4E70A500676453 /* Products */,
			);
			sourceTree = "<group>";
		};
		F87C347C2C4E70A500676453 /* Products */ = {
			isa = PBXGroup;
			children = (
				F87C347B2C4E70A500676453 /* Moonshot.app */,
			);
			name = Products;
			sourceTree = "<group>";
		};
		F87C347D2C4E70A500676453 /* Moonshot */ = {
			isa = PBXGroup;
			children = (
				F801DDAF2C50901800395330 /* Data */,
				F801DDB22C5090B100395330 /* Extensions */,
				F801DDAE2C508FFC00395330 /* Models */,
				F801DDAD2C508FFA00395330 /* Views */,
				F801DDAC2C508FF500395330 /* ViewModels */,
				F87C347E2C4E70A500676453 /* MoonshotApp.swift */,
				F87C34822C4E70A700676453 /* Assets.xcassets */,
				F87C34842C4E70A700676453 /* Preview Content */,
			);
			path = Moonshot;
			sourceTree = "<group>";
		};
		F87C34842C4E70A700676453 /* Preview Content */ = {
			isa = PBXGroup;
			children = (
				F87C34852C4E70A700676453 /* Preview Assets.xcassets */,
			);
			path = "Preview Content";
			sourceTree = "<group>";
		};
/* End PBXGroup section */

/* Begin PBXNativeTarget section */
		F87C347A2C4E70A500676453 /* Moonshot */ = {
			isa = PBXNativeTarget;
			buildConfigurationList = F87C34892C4E70A700676453 /* Build configuration list for PBXNativeTarget "Moonshot" */;
			buildPhases = (
				F87C34772C4E70A500676453 /* Sources */,
				F87C34782C4E70A500676453 /* Frameworks */,
				F87C34792C4E70A500676453 /* Resources */,
			);
			buildRules = (
			);
			dependencies = (
			);
			name = Moonshot;
			productName = Moonshot;
			productReference = F87C347B2C4E70A500676453 /* Moonshot.app */;
			productType = "com.apple.product-type.application";
		};
/* End PBXNativeTarget section */

/* Begin PBXProject section */
		F87C34732C4E70A500676453 /* Project object */ = {
			isa = PBXProject;
			attributes = {
				BuildIndependentTargetsInParallel = 1;
				LastSwiftUpdateCheck = 1520;
				LastUpgradeCheck = 1520;
				TargetAttributes = {
					F87C347A2C4E70A500676453 = {
						CreatedOnToolsVersion = 15.2;
					};
				};
			};
			buildConfigurationList = F87C34762C4E70A500676453 /* Build configuration list for PBXProject "Moonshot" */;
			compatibilityVersion = "Xcode 14.0";
			developmentRegion = en;
			hasScannedForEncodings = 0;
			knownRegions = (
				en,
				Base,
			);
			mainGroup = F87C34722C4E70A500676453;
			productRefGroup = F87C347C2C4E70A500676453 /* Products */;
			projectDirPath = "";
			projectRoot = "";
			targets = (
				F87C347A2C4E70A500676453 /* Moonshot */,
			);
		};
/* End PBXProject section */

/* Begin PBXResourcesBuildPhase section */
		F87C34792C4E70A500676453 /* Resources */ = {
			isa = PBXResourcesBuildPhase;
			buildActionMask = 2147483647;
			files = (
				F801DDAA2C508F6100395330 /* astronauts.json in Resources */,
				F87C34862C4E70A700676453 /* Preview Assets.xcassets in Resources */,
				F801DDAB2C508F6100395330 /* missions.json in Resources */,
				F87C34832C4E70A700676453 /* Assets.xcassets in Resources */,
			);
			runOnlyForDeploymentPostprocessing = 0;
		};
/* End PBXResourcesBuildPhase section */

/* Begin PBXSourcesBuildPhase section */
		F87C34772C4E70A500676453 /* Sources */ = {
			isa = PBXSourcesBuildPhase;
			buildActionMask = 2147483647;
			files = (
				F801DDBA2C509EB300395330 /* MissionView.swift in Sources */,
				F801DDB12C50903900395330 /* Astronaut.swift in Sources */,
				F801DDBC2C50A96800395330 /* AstronautView.swift in Sources */,
				F85F65382C51BCD900F64833 /* EliezerView.swift in Sources */,
				F85F653C2C51C1B000F64833 /* CreMember.swift in Sources */,
				F801DDB82C509A5E00395330 /* Color+Theme.swift in Sources */,
				F85F653A2C51C15B00F64833 /* CrewView.swift in Sources */,
				F801DDB42C5090C100395330 /* Bundle+Decodable.swift in Sources */,
				F87C34812C4E70A500676453 /* ContentView.swift in Sources */,
				F87C347F2C4E70A500676453 /* MoonshotApp.swift in Sources */,
				F801DDB62C5092F900395330 /* Mission.swift in Sources */,
			);
			runOnlyForDeploymentPostprocessing = 0;
		};
/* End PBXSourcesBuildPhase section */

/* Begin XCBuildConfiguration section */
		F87C34872C4E70A700676453 /* Debug */ = {
			isa = XCBuildConfiguration;
			buildSettings = {
				ALWAYS_SEARCH_USER_PATHS = NO;
				ASSETCATALOG_COMPILER_GENERATE_SWIFT_ASSET_SYMBOL_EXTENSIONS = YES;
				CLANG_ANALYZER_NONNULL = YES;
				CLANG_ANALYZER_NUMBER_OBJECT_CONVERSION = YES_AGGRESSIVE;
				CLANG_CXX_LANGUAGE_STANDARD = "gnu++20";
				CLANG_ENABLE_MODULES = YES;
				CLANG_ENABLE_OBJC_ARC = YES;
				CLANG_ENABLE_OBJC_WEAK = YES;
				CLANG_WARN_BLOCK_CAPTURE_AUTORELEASING = YES;
				CLANG_WARN_BOOL_CONVERSION = YES;
				CLANG_WARN_COMMA = YES;
				CLANG_WARN_CONSTANT_CONVERSION = YES;
				CLANG_WARN_DEPRECATED_OBJC_IMPLEMENTATIONS = YES;
				CLANG_WARN_DIRECT_OBJC_ISA_USAGE = YES_ERROR;
				CLANG_WARN_DOCUMENTATION_COMMENTS = YES;
				CLANG_WARN_EMPTY_BODY = YES;
				CLANG_WARN_ENUM_CONVERSION = YES;
				CLANG_WARN_INFINITE_RECURSION = YES;
				CLANG_WARN_INT_CONVERSION = YES;
				CLANG_WARN_NON_LITERAL_NULL_CONVERSION = YES;
				CLANG_WARN_OBJC_IMPLICIT_RETAIN_SELF = YES;
				CLANG_WARN_OBJC_LITERAL_CONVERSION = YES;
				CLANG_WARN_OBJC_ROOT_CLASS = YES_ERROR;
				CLANG_WARN_QUOTED_INCLUDE_IN_FRAMEWORK_HEADER = YES;
				CLANG_WARN_RANGE_LOOP_ANALYSIS = YES;
				CLANG_WARN_STRICT_PROTOTYPES = YES;
				CLANG_WARN_SUSPICIOUS_MOVE = YES;
				CLANG_WARN_UNGUARDED_AVAILABILITY = YES_AGGRESSIVE;
				CLANG_WARN_UNREACHABLE_CODE = YES;
				CLANG_WARN__DUPLICATE_METHOD_MATCH = YES;
				COPY_PHASE_STRIP = NO;
				DEBUG_INFORMATION_FORMAT = dwarf;
				ENABLE_STRICT_OBJC_MSGSEND = YES;
				ENABLE_TESTABILITY = YES;
				ENABLE_USER_SCRIPT_SANDBOXING = YES;
				GCC_C_LANGUAGE_STANDARD = gnu17;
				GCC_DYNAMIC_NO_PIC = NO;
				GCC_NO_COMMON_BLOCKS = YES;
				GCC_OPTIMIZATION_LEVEL = 0;
				GCC_PREPROCESSOR_DEFINITIONS = (
					"DEBUG=1",
					"$(inherited)",
				);
				GCC_WARN_64_TO_32_BIT_CONVERSION = YES;
				GCC_WARN_ABOUT_RETURN_TYPE = YES_ERROR;
				GCC_WARN_UNDECLARED_SELECTOR = YES;
				GCC_WARN_UNINITIALIZED_AUTOS = YES_AGGRESSIVE;
				GCC_WARN_UNUSED_FUNCTION = YES;
				GCC_WARN_UNUSED_VARIABLE = YES;
				IPHONEOS_DEPLOYMENT_TARGET = 17.2;
				LOCALIZATION_PREFERS_STRING_CATALOGS = YES;
				MTL_ENABLE_DEBUG_INFO = INCLUDE_SOURCE;
				MTL_FAST_MATH = YES;
				ONLY_ACTIVE_ARCH = YES;
				SDKROOT = iphoneos;
				SWIFT_ACTIVE_COMPILATION_CONDITIONS = "DEBUG $(inherited)";
				SWIFT_OPTIMIZATION_LEVEL = "-Onone";
			};
			name = Debug;
		};
		F87C34882C4E70A700676453 /* Release */ = {
			isa = XCBuildConfiguration;
			buildSettings = {
				ALWAYS_SEARCH_USER_PATHS = NO;
				ASSETCATALOG_COMPILER_GENERATE_SWIFT_ASSET_SYMBOL_EXTENSIONS = YES;
				CLANG_ANALYZER_NONNULL = YES;
				CLANG_ANALYZER_NUMBER_OBJECT_CONVERSION = YES_AGGRESSIVE;
				CLANG_CXX_LANGUAGE_STANDARD = "gnu++20";
				CLANG_ENABLE_MODULES = YES;
				CLANG_ENABLE_OBJC_ARC = YES;
				CLANG_ENABLE_OBJC_WEAK = YES;
				CLANG_WARN_BLOCK_CAPTURE_AUTORELEASING = YES;
				CLANG_WARN_BOOL_CONVERSION = YES;
				CLANG_WARN_COMMA = YES;
				CLANG_WARN_CONSTANT_CONVERSION = YES;
				CLANG_WARN_DEPRECATED_OBJC_IMPLEMENTATIONS = YES;
				CLANG_WARN_DIRECT_OBJC_ISA_USAGE = YES_ERROR;
				CLANG_WARN_DOCUMENTATION_COMMENTS = YES;
				CLANG_WARN_EMPTY_BODY = YES;
				CLANG_WARN_ENUM_CONVERSION = YES;
				CLANG_WARN_INFINITE_RECURSION = YES;
				CLANG_WARN_INT_CONVERSION = YES;
				CLANG_WARN_NON_LITERAL_NULL_CONVERSION = YES;
				CLANG_WARN_OBJC_IMPLICIT_RETAIN_SELF = YES;
				CLANG_WARN_OBJC_LITERAL_CONVERSION = YES;
				CLANG_WARN_OBJC_ROOT_CLASS = YES_ERROR;
				CLANG_WARN_QUOTED_INCLUDE_IN_FRAMEWORK_HEADER = YES;
				CLANG_WARN_RANGE_LOOP_ANALYSIS = YES;
				CLANG_WARN_STRICT_PROTOTYPES = YES;
				CLANG_WARN_SUSPICIOUS_MOVE = YES;
				CLANG_WARN_UNGUARDED_AVAILABILITY = YES_AGGRESSIVE;
				CLANG_WARN_UNREACHABLE_CODE = YES;
				CLANG_WARN__DUPLICATE_METHOD_MATCH = YES;
				COPY_PHASE_STRIP = NO;
				DEBUG_INFORMATION_FORMAT = "dwarf-with-dsym";
				ENABLE_NS_ASSERTIONS = NO;
				ENABLE_STRICT_OBJC_MSGSEND = YES;
				ENABLE_USER_SCRIPT_SANDBOXING = YES;
				GCC_C_LANGUAGE_STANDARD = gnu17;
				GCC_NO_COMMON_BLOCKS = YES;
				GCC_WARN_64_TO_32_BIT_CONVERSION = YES;
				GCC_WARN_ABOUT_RETURN_TYPE = YES_ERROR;
				GCC_WARN_UNDECLARED_SELECTOR = YES;
				GCC_WARN_UNINITIALIZED_AUTOS = YES_AGGRESSIVE;
				GCC_WARN_UNUSED_FUNCTION = YES;
				GCC_WARN_UNUSED_VARIABLE = YES;
				IPHONEOS_DEPLOYMENT_TARGET = 17.2;
				LOCALIZATION_PREFERS_STRING_CATALOGS = YES;
				MTL_ENABLE_DEBUG_INFO = NO;
				MTL_FAST_MATH = YES;
				SDKROOT = iphoneos;
				SWIFT_COMPILATION_MODE = wholemodule;
				VALIDATE_PRODUCT = YES;
			};
			name = Release;
		};
		F87C348A2C4E70A700676453 /* Debug */ = {
			isa = XCBuildConfiguration;
			buildSettings = {
				ASSETCATALOG_COMPILER_APPICON_NAME = AppIcon;
				ASSETCATALOG_COMPILER_GLOBAL_ACCENT_COLOR_NAME = AccentColor;
				CODE_SIGN_STYLE = Automatic;
				CURRENT_PROJECT_VERSION = 1;
				DEVELOPMENT_ASSET_PATHS = "\"Moonshot/Preview Content\"";
				DEVELOPMENT_TEAM = G6HATL4S2M;
				ENABLE_PREVIEWS = YES;
				GENERATE_INFOPLIST_FILE = YES;
				INFOPLIST_KEY_UIApplicationSceneManifest_Generation = YES;
				INFOPLIST_KEY_UIApplicationSupportsIndirectInputEvents = YES;
				INFOPLIST_KEY_UILaunchScreen_Generation = YES;
				INFOPLIST_KEY_UISupportedInterfaceOrientations_iPad = "UIInterfaceOrientationPortrait UIInterfaceOrientationPortraitUpsideDown UIInterfaceOrientationLandscapeLeft UIInterfaceOrientationLandscapeRight";
				INFOPLIST_KEY_UISupportedInterfaceOrientations_iPhone = "UIInterfaceOrientationPortrait UIInterfaceOrientationLandscapeLeft UIInterfaceOrientationLandscapeRight";
				IPHONEOS_DEPLOYMENT_TARGET = 17.0;
				LD_RUNPATH_SEARCH_PATHS = (
					"$(inherited)",
					"@executable_path/Frameworks",
				);
				MARKETING_VERSION = 1.0;
				PRODUCT_BUNDLE_IDENTIFIER = br.com.shaft.Moonshot;
				PRODUCT_NAME = "$(TARGET_NAME)";
				SWIFT_EMIT_LOC_STRINGS = YES;
				SWIFT_VERSION = 5.0;
				TARGETED_DEVICE_FAMILY = "1,2";
			};
			name = Debug;
		};
		F87C348B2C4E70A700676453 /* Release */ = {
			isa = XCBuildConfiguration;
			buildSettings = {
				ASSETCATALOG_COMPILER_APPICON_NAME = AppIcon;
				ASSETCATALOG_COMPILER_GLOBAL_ACCENT_COLOR_NAME = AccentColor;
				CODE_SIGN_STYLE = Automatic;
				CURRENT_PROJECT_VERSION = 1;
				DEVELOPMENT_ASSET_PATHS = "\"Moonshot/Preview Content\"";
				DEVELOPMENT_TEAM = G6HATL4S2M;
				ENABLE_PREVIEWS = YES;
				GENERATE_INFOPLIST_FILE = YES;
				INFOPLIST_KEY_UIApplicationSceneManifest_Generation = YES;
				INFOPLIST_KEY_UIApplicationSupportsIndirectInputEvents = YES;
				INFOPLIST_KEY_UILaunchScreen_Generation = YES;
				INFOPLIST_KEY_UISupportedInterfaceOrientations_iPad = "UIInterfaceOrientationPortrait UIInterfaceOrientationPortraitUpsideDown UIInterfaceOrientationLandscapeLeft UIInterfaceOrientationLandscapeRight";
				INFOPLIST_KEY_UISupportedInterfaceOrientations_iPhone = "UIInterfaceOrientationPortrait UIInterfaceOrientationLandscapeLeft UIInterfaceOrientationLandscapeRight";
				IPHONEOS_DEPLOYMENT_TARGET = 17.0;
				LD_RUNPATH_SEARCH_PATHS = (
					"$(inherited)",
					"@executable_path/Frameworks",
				);
				MARKETING_VERSION = 1.0;
				PRODUCT_BUNDLE_IDENTIFIER = br.com.shaft.Moonshot;
				PRODUCT_NAME = "$(TARGET_NAME)";
				SWIFT_EMIT_LOC_STRINGS = YES;
				SWIFT_VERSION = 5.0;
				TARGETED_DEVICE_FAMILY = "1,2";
			};
			name = Release;
		};
/* End XCBuildConfiguration section */

/* Begin XCConfigurationList section */
		F87C34762C4E70A500676453 /* Build configuration list for PBXProject "Moonshot" */ = {
			isa = XCConfigurationList;
			buildConfigurations = (
				F87C34872C4E70A700676453 /* Debug */,
				F87C34882C4E70A700676453 /* Release */,
			);
			defaultConfigurationIsVisible = 0;
			defaultConfigurationName = Release;
		};
		F87C34892C4E70A700676453 /* Build configuration list for PBXNativeTarget "Moonshot" */ = {
			isa = XCConfigurationList;
			buildConfigurations = (
				F87C348A2C4E70A700676453 /* Debug */,
				F87C348B2C4E70A700676453 /* Release */,
			);
			defaultConfigurationIsVisible = 0;
			defaultConfigurationName = Release;
		};
/* End XCConfigurationList section */
	};
	rootObject = F87C34732C4E70A500676453 /* Project object */;
}
